# THIS IS AN AUTOGENERATED FILE. DO NOT EDIT THIS FILE DIRECTLY.
# yarn lockfile v1


charenc@~0.0.1:
  version "0.0.2"
  resolved "https://registry.yarnpkg.com/charenc/-/charenc-0.0.2.tgz#c0a1d2f3a7092e03774bfa83f14c0fc5790a8667"

co@^4.6.0:
  version "4.6.0"
  resolved "https://registry.yarnpkg.com/co/-/co-4.6.0.tgz#6ea6bdf3d853ae54ccb8e47bfa0bf3f9031fb184"

colors@^1.1.2:
  version "1.1.2"
  resolved "https://registry.yarnpkg.com/colors/-/colors-1.1.2.tgz#168a4701756b6a7f51a12ce0c97bfa28c084ed63"

crypt@~0.0.1:
  version "0.0.2"
  resolved "https://registry.yarnpkg.com/crypt/-/crypt-0.0.2.tgz#88d7ff7ec0dfb86f713dc87bbb42d044d3e6c41b"

is-buffer@~1.1.1:
  version "1.1.6"
  resolved "https://registry.yarnpkg.com/is-buffer/-/is-buffer-1.1.6.tgz#efaa2ea9daa0d7ab2ea13a97b2b8ad51fefbe8be"

lodash@^4.17.4:
  version "4.17.4"
  resolved "https://registry.yarnpkg.com/lodash/-/lodash-4.17.4.tgz#78203a4d1c328ae1d86dca6460e369b57f4055ae"

md5@^2.2.1:
  version "2.2.1"
  resolved "https://registry.yarnpkg.com/md5/-/md5-2.2.1.tgz#53ab38d5fe3c8891ba465329ea23fac0540126f9"
  dependencies:
    charenc "~0.0.1"
    crypt "~0.0.1"
    is-buffer "~1.1.1"

"promise-nodeify@>= 0.1":
  version "1.0.1"
  resolved "https://registry.yarnpkg.com/promise-nodeify/-/promise-nodeify-1.0.1.tgz#05e78cce162f93021dd285c66dadc38adaaae38c"

"proxying-agent@>= 2.1":
  version "2.1.2"
  resolved "https://registry.yarnpkg.com/proxying-agent/-/proxying-agent-2.1.2.tgz#bd66b5f0f967725e31c0f1b38a594c622f55fd26"

tinify@^1.5.0:
  version "1.5.0"
  resolved "https://registry.yarnpkg.com/tinify/-/tinify-1.5.0.tgz#6ba2ea7e8827c845d263de3b46f4db7bad555920"
  dependencies:
    promise-nodeify ">= 0.1"
    proxying-agent ">= 2.1"
